
Microsoft Visual Studio Solution File, Format Version 12.00
# Visual Studio Version 17
VisualStudioVersion = 17.2.32616.157
MinimumVisualStudioVersion = 10.0.40219.1
Project("{9A19103F-16F7-4668-BE54-9A1E7A4F7556}") = "ADHD", "ADHD.csproj", "{257360CA-C96B-4924-8FC5-784A38F535F9}"
EndProject
Global
	GlobalSection(SolutionConfigurationPlatforms) = preSolution
		Debug|Any CPU = Debug|Any CPU
		Release|Any CPU = Release|Any CPU
	EndGlobalSection
	GlobalSection(ProjectConfigurationPlatforms) = postSolution
		{257360CA-C96B-4924-8FC5-784A38F535F9}.Debug|Any CPU.ActiveCfg = Debug|Any CPU
		{257360CA-C96B-4924-8FC5-784A38F535F9}.Debug|Any CPU.Build.0 = Debug|Any CPU
		{257360CA-C96B-4924-8FC5-784A38F535F9}.Release|Any CPU.ActiveCfg = Release|Any CPU
		{257360CA-C96B-4924-8FC5-784A38F535F9}.Release|Any CPU.Build.0 = Release|Any CPU
	EndGlobalSection
	GlobalSection(SolutionProperties) = preSolution
		HideSolutionNode = FALSE
	EndGlobalSection
	GlobalSection(ExtensibilityGlobals) = postSolution
		SolutionGuid = {96169469-13C3-45D2-B2B0-AD78C48030E7}
	EndGlobalSection
EndGlobal
